// !$*UTF8*$!
{
	archiveVersion = 1;
	classes = {
	};
	objectVersion = 46;
	objects = {

/* Begin PBXBuildFile section */
		45009CFC1E09876D00BDE128 /* cj potter Handwriting.ttf in Resources */ = {isa = PBXBuildFile; fileRef = 45009CFB1E09875000BDE128 /* cj potter Handwriting.ttf */; };
		45009CFE1E09890500BDE128 /* Extensions.swift in Sources */ = {isa = PBXBuildFile; fileRef = 45009CFD1E09890500BDE128 /* Extensions.swift */; };
		45009D001E09950800BDE128 /* TutorialViewController.swift in Sources */ = {isa = PBXBuildFile; fileRef = 45009CFF1E09950800BDE128 /* TutorialViewController.swift */; };
		45009D021E09953C00BDE128 /* LoginViewController.swift in Sources */ = {isa = PBXBuildFile; fileRef = 45009D011E09953C00BDE128 /* LoginViewController.swift */; };
		45F4883C1DA8525200DDA835 /* AppDelegate.swift in Sources */ = {isa = PBXBuildFile; fileRef = 45F4883B1DA8525200DDA835 /* AppDelegate.swift */; };
		45F488411DA8525200DDA835 /* Main.storyboard in Resources */ = {isa = PBXBuildFile; fileRef = 45F4883F1DA8525200DDA835 /* Main.storyboard */; };
		45F488431DA8525200DDA835 /* Assets.xcassets in Resources */ = {isa = PBXBuildFile; fileRef = 45F488421DA8525200DDA835 /* Assets.xcassets */; };
		45F488461DA8525200DDA835 /* LaunchScreen.storyboard in Resources */ = {isa = PBXBuildFile; fileRef = 45F488441DA8525200DDA835 /* LaunchScreen.storyboard */; };
		45F4884E1DA8529800DDA835 /* AlphabetTableViewController.swift in Sources */ = {isa = PBXBuildFile; fileRef = 45F4884D1DA8529800DDA835 /* AlphabetTableViewController.swift */; };
		45F488501DA8538C00DDA835 /* RestaurantViewController.swift in Sources */ = {isa = PBXBuildFile; fileRef = 45F4884F1DA8538C00DDA835 /* RestaurantViewController.swift */; };
		45F488521DA86A7A00DDA835 /* AlphabetCell.swift in Sources */ = {isa = PBXBuildFile; fileRef = 45F488511DA86A7A00DDA835 /* AlphabetCell.swift */; };
		45F7B2991DAAF53600B505A0 /* america.jpg in Resources */ = {isa = PBXBuildFile; fileRef = 45F7B2801DAAF53600B505A0 /* america.jpg */; };
		45F7B29A1DAAF53600B505A0 /* belgium.jpg in Resources */ = {isa = PBXBuildFile; fileRef = 45F7B2811DAAF53600B505A0 /* belgium.jpg */; };
		45F7B29B1DAAF53600B505A0 /* dimsum.jpg in Resources */ = {isa = PBXBuildFile; fileRef = 45F7B2821DAAF53600B505A0 /* dimsum.jpg */; };
		45F7B29C1DAAF53600B505A0 /* greece.jpg in Resources */ = {isa = PBXBuildFile; fileRef = 45F7B2831DAAF53600B505A0 /* greece.jpg */; };
		45F7B29D1DAAF53600B505A0 /* hungary.jpg in Resources */ = {isa = PBXBuildFile; fileRef = 45F7B2841DAAF53600B505A0 /* hungary.jpg */; };
		45F7B29E1DAAF53600B505A0 /* israel.jpg in Resources */ = {isa = PBXBuildFile; fileRef = 45F7B2851DAAF53600B505A0 /* israel.jpg */; };
		45F7B29F1DAAF53600B505A0 /* lebanon.jpg in Resources */ = {isa = PBXBuildFile; fileRef = 45F7B2861DAAF53600B505A0 /* lebanon.jpg */; };
		45F7B2A01DAAF53600B505A0 /* nepal.jpg in Resources */ = {isa = PBXBuildFile; fileRef = 45F7B2871DAAF53600B505A0 /* nepal.jpg */; };
		45F7B2A11DAAF53600B505A0 /* philippines.jpg in Resources */ = {isa = PBXBuildFile; fileRef = 45F7B2881DAAF53600B505A0 /* philippines.jpg */; };
		45F7B2A21DAAF53600B505A0 /* plateSetting.jpg in Resources */ = {isa = PBXBuildFile; fileRef = 45F7B2891DAAF53600B505A0 /* plateSetting.jpg */; };
		45F7B2A31DAAF53600B505A0 /* singapore.jpg in Resources */ = {isa = PBXBuildFile; fileRef = 45F7B28A1DAAF53600B505A0 /* singapore.jpg */; };
		45F7B2A41DAAF53600B505A0 /* vegan.jpg in Resources */ = {isa = PBXBuildFile; fileRef = 45F7B28B1DAAF53600B505A0 /* vegan.jpg */; };
		45F7B2A51DAAF53600B505A0 /* wholefoods.jpg in Resources */ = {isa = PBXBuildFile; fileRef = 45F7B28C1DAAF53600B505A0 /* wholefoods.jpg */; };
		45F7B2A61DAAF53600B505A0 /* austria.png in Resources */ = {isa = PBXBuildFile; fileRef = 45F7B28D1DAAF53600B505A0 /* austria.png */; };
		45F7B2A71DAAF53600B505A0 /* china.png in Resources */ = {isa = PBXBuildFile; fileRef = 45F7B28E1DAAF53600B505A0 /* china.png */; };
		45F7B2A81DAAF53600B505A0 /* ecuador.png in Resources */ = {isa = PBXBuildFile; fileRef = 45F7B28F1DAAF53600B505A0 /* ecuador.png */; };
		45F7B2A91DAAF53600B505A0 /* ethiopia.png in Resources */ = {isa = PBXBuildFile; fileRef = 45F7B2901DAAF53600B505A0 /* ethiopia.png */; };
		45F7B2AA1DAAF53600B505A0 /* france.png in Resources */ = {isa = PBXBuildFile; fileRef = 45F7B2911DAAF53600B505A0 /* france.png */; };
		45F7B2AB1DAAF53600B505A0 /* japan.png in Resources */ = {isa = PBXBuildFile; fileRef = 45F7B2921DAAF53600B505A0 /* japan.png */; };
		45F7B2AC1DAAF53600B505A0 /* korea.png in Resources */ = {isa = PBXBuildFile; fileRef = 45F7B2931DAAF53600B505A0 /* korea.png */; };
		45F7B2AD1DAAF53600B505A0 /* morocco.png in Resources */ = {isa = PBXBuildFile; fileRef = 45F7B2941DAAF53600B505A0 /* morocco.png */; };
		45F7B2AE1DAAF53600B505A0 /* russia.png in Resources */ = {isa = PBXBuildFile; fileRef = 45F7B2951DAAF53600B505A0 /* russia.png */; };
		45F7B2AF1DAAF53600B505A0 /* turkey.png in Resources */ = {isa = PBXBuildFile; fileRef = 45F7B2961DAAF53600B505A0 /* turkey.png */; };
		45F7B2B01DAAF53600B505A0 /* ukraine.png in Resources */ = {isa = PBXBuildFile; fileRef = 45F7B2971DAAF53600B505A0 /* ukraine.png */; };
		45F7B2B11DAAF53600B505A0 /* china.svg in Resources */ = {isa = PBXBuildFile; fileRef = 45F7B2981DAAF53600B505A0 /* china.svg */; };
/* End PBXBuildFile section */

/* Begin PBXFileReference section */
		45009CFB1E09875000BDE128 /* cj potter Handwriting.ttf */ = {isa = PBXFileReference; lastKnownFileType = file; path = "cj potter Handwriting.ttf"; sourceTree = "<group>"; };
		45009CFD1E09890500BDE128 /* Extensions.swift */ = {isa = PBXFileReference; fileEncoding = 4; lastKnownFileType = sourcecode.swift; path = Extensions.swift; sourceTree = "<group>"; };
		45009CFF1E09950800BDE128 /* TutorialViewController.swift */ = {isa = PBXFileReference; fileEncoding = 4; lastKnownFileType = sourcecode.swift; path = TutorialViewController.swift; sourceTree = "<group>"; };
		45009D011E09953C00BDE128 /* LoginViewController.swift */ = {isa = PBXFileReference; fileEncoding = 4; lastKnownFileType = sourcecode.swift; path = LoginViewController.swift; sourceTree = "<group>"; };
		45F488381DA8525200DDA835 /* NYC_EatTheAlphabet.app */ = {isa = PBXFileReference; explicitFileType = wrapper.application; includeInIndex = 0; path = NYC_EatTheAlphabet.app; sourceTree = BUILT_PRODUCTS_DIR; };
		45F4883B1DA8525200DDA835 /* AppDelegate.swift */ = {isa = PBXFileReference; lastKnownFileType = sourcecode.swift; path = AppDelegate.swift; sourceTree = "<group>"; };
		45F488401DA8525200DDA835 /* Base */ = {isa = PBXFileReference; lastKnownFileType = file.storyboard; name = Base; path = Base.lproj/Main.storyboard; sourceTree = "<group>"; };
		45F488421DA8525200DDA835 /* Assets.xcassets */ = {isa = PBXFileReference; lastKnownFileType = folder.assetcatalog; path = Assets.xcassets; sourceTree = "<group>"; };
		45F488451DA8525200DDA835 /* Base */ = {isa = PBXFileReference; lastKnownFileType = file.storyboard; name = Base; path = Base.lproj/LaunchScreen.storyboard; sourceTree = "<group>"; };
		45F488471DA8525200DDA835 /* Info.plist */ = {isa = PBXFileReference; lastKnownFileType = text.plist.xml; path = Info.plist; sourceTree = "<group>"; };
		45F4884D1DA8529800DDA835 /* AlphabetTableViewController.swift */ = {isa = PBXFileReference; fileEncoding = 4; lastKnownFileType = sourcecode.swift; path = AlphabetTableViewController.swift; sourceTree = "<group>"; };
		45F4884F1DA8538C00DDA835 /* RestaurantViewController.swift */ = {isa = PBXFileReference; fileEncoding = 4; lastKnownFileType = sourcecode.swift; name = RestaurantViewController.swift; path = ../RestaurantViewController.swift; sourceTree = "<group>"; };
		45F488511DA86A7A00DDA835 /* AlphabetCell.swift */ = {isa = PBXFileReference; fileEncoding = 4; lastKnownFileType = sourcecode.swift; path = AlphabetCell.swift; sourceTree = "<group>"; };
		45F7B2801DAAF53600B505A0 /* america.jpg */ = {isa = PBXFileReference; lastKnownFileType = image.jpeg; path = america.jpg; sourceTree = SOURCE_ROOT; };
		45F7B2811DAAF53600B505A0 /* belgium.jpg */ = {isa = PBXFileReference; lastKnownFileType = image.jpeg; path = belgium.jpg; sourceTree = SOURCE_ROOT; };
		45F7B2821DAAF53600B505A0 /* dimsum.jpg */ = {isa = PBXFileReference; lastKnownFileType = image.jpeg; path = dimsum.jpg; sourceTree = SOURCE_ROOT; };
		45F7B2831DAAF53600B505A0 /* greece.jpg */ = {isa = PBXFileReference; lastKnownFileType = image.jpeg; path = greece.jpg; sourceTree = SOURCE_ROOT; };
		45F7B2841DAAF53600B505A0 /* hungary.jpg */ = {isa = PBXFileReference; lastKnownFileType = image.jpeg; path = hungary.jpg; sourceTree = SOURCE_ROOT; };
		45F7B2851DAAF53600B505A0 /* israel.jpg */ = {isa = PBXFileReference; lastKnownFileType = image.jpeg; path = israel.jpg; sourceTree = SOURCE_ROOT; };
		45F7B2861DAAF53600B505A0 /* lebanon.jpg */ = {isa = PBXFileReference; lastKnownFileType = image.jpeg; path = lebanon.jpg; sourceTree = SOURCE_ROOT; };
		45F7B2871DAAF53600B505A0 /* nepal.jpg */ = {isa = PBXFileReference; lastKnownFileType = image.jpeg; path = nepal.jpg; sourceTree = SOURCE_ROOT; };
		45F7B2881DAAF53600B505A0 /* philippines.jpg */ = {isa = PBXFileReference; lastKnownFileType = image.jpeg; path = philippines.jpg; sourceTree = SOURCE_ROOT; };
		45F7B2891DAAF53600B505A0 /* plateSetting.jpg */ = {isa = PBXFileReference; lastKnownFileType = image.jpeg; path = plateSetting.jpg; sourceTree = SOURCE_ROOT; };
		45F7B28A1DAAF53600B505A0 /* singapore.jpg */ = {isa = PBXFileReference; lastKnownFileType = image.jpeg; path = singapore.jpg; sourceTree = SOURCE_ROOT; };
		45F7B28B1DAAF53600B505A0 /* vegan.jpg */ = {isa = PBXFileReference; lastKnownFileType = image.jpeg; path = vegan.jpg; sourceTree = SOURCE_ROOT; };
		45F7B28C1DAAF53600B505A0 /* wholefoods.jpg */ = {isa = PBXFileReference; lastKnownFileType = image.jpeg; path = wholefoods.jpg; sourceTree = SOURCE_ROOT; };
		45F7B28D1DAAF53600B505A0 /* austria.png */ = {isa = PBXFileReference; lastKnownFileType = image.png; path = austria.png; sourceTree = SOURCE_ROOT; };
		45F7B28E1DAAF53600B505A0 /* china.png */ = {isa = PBXFileReference; lastKnownFileType = image.png; path = china.png; sourceTree = SOURCE_ROOT; };
		45F7B28F1DAAF53600B505A0 /* ecuador.png */ = {isa = PBXFileReference; lastKnownFileType = image.png; path = ecuador.png; sourceTree = SOURCE_ROOT; };
		45F7B2901DAAF53600B505A0 /* ethiopia.png */ = {isa = PBXFileReference; lastKnownFileType = image.png; path = ethiopia.png; sourceTree = SOURCE_ROOT; };
		45F7B2911DAAF53600B505A0 /* france.png */ = {isa = PBXFileReference; lastKnownFileType = image.png; path = france.png; sourceTree = SOURCE_ROOT; };
		45F7B2921DAAF53600B505A0 /* japan.png */ = {isa = PBXFileReference; lastKnownFileType = image.png; path = japan.png; sourceTree = SOURCE_ROOT; };
		45F7B2931DAAF53600B505A0 /* korea.png */ = {isa = PBXFileReference; lastKnownFileType = image.png; path = korea.png; sourceTree = SOURCE_ROOT; };
		45F7B2941DAAF53600B505A0 /* morocco.png */ = {isa = PBXFileReference; lastKnownFileType = image.png; path = morocco.png; sourceTree = SOURCE_ROOT; };
		45F7B2951DAAF53600B505A0 /* russia.png */ = {isa = PBXFileReference; lastKnownFileType = image.png; path = russia.png; sourceTree = SOURCE_ROOT; };
		45F7B2961DAAF53600B505A0 /* turkey.png */ = {isa = PBXFileReference; lastKnownFileType = image.png; path = turkey.png; sourceTree = SOURCE_ROOT; };
		45F7B2971DAAF53600B505A0 /* ukraine.png */ = {isa = PBXFileReference; lastKnownFileType = image.png; path = ukraine.png; sourceTree = SOURCE_ROOT; };
		45F7B2981DAAF53600B505A0 /* china.svg */ = {isa = PBXFileReference; fileEncoding = 4; lastKnownFileType = text.xml; path = china.svg; sourceTree = SOURCE_ROOT; };
/* End PBXFileReference section */

/* Begin PBXFrameworksBuildPhase section */
		45F488351DA8525200DDA835 /* Frameworks */ = {
			isa = PBXFrameworksBuildPhase;
			buildActionMask = 2147483647;
			files = (
			);
			runOnlyForDeploymentPostprocessing = 0;
		};
/* End PBXFrameworksBuildPhase section */

/* Begin PBXGroup section */
		45F4882F1DA8525200DDA835 = {
			isa = PBXGroup;
			children = (
				45F4883A1DA8525200DDA835 /* NYC_EatTheAlphabet */,
				45F488391DA8525200DDA835 /* Products */,
			);
			sourceTree = "<group>";
		};
		45F488391DA8525200DDA835 /* Products */ = {
			isa = PBXGroup;
			children = (
				45F488381DA8525200DDA835 /* NYC_EatTheAlphabet.app */,
			);
			name = Products;
			sourceTree = "<group>";
		};
		45F4883A1DA8525200DDA835 /* NYC_EatTheAlphabet */ = {
			isa = PBXGroup;
			children = (
				45F488581DA87A1D00DDA835 /* Supporting Files */,
				45F488551DA86BF100DDA835 /* Photo Assets */,
				45F4883F1DA8525200DDA835 /* Main.storyboard */,
				45009CFF1E09950800BDE128 /* TutorialViewController.swift */,
				45009D011E09953C00BDE128 /* LoginViewController.swift */,
				45F4884D1DA8529800DDA835 /* AlphabetTableViewController.swift */,
				45F4884F1DA8538C00DDA835 /* RestaurantViewController.swift */,
				45F488511DA86A7A00DDA835 /* AlphabetCell.swift */,
				45009CFB1E09875000BDE128 /* cj potter Handwriting.ttf */,
				45009CFD1E09890500BDE128 /* Extensions.swift */,
			);
			path = NYC_EatTheAlphabet;
			sourceTree = "<group>";
		};
		45F488551DA86BF100DDA835 /* Photo Assets */ = {
			isa = PBXGroup;
			children = (
				45F7B2801DAAF53600B505A0 /* america.jpg */,
				45F7B2811DAAF53600B505A0 /* belgium.jpg */,
				45F7B2821DAAF53600B505A0 /* dimsum.jpg */,
				45F7B2831DAAF53600B505A0 /* greece.jpg */,
				45F7B2841DAAF53600B505A0 /* hungary.jpg */,
				45F7B2851DAAF53600B505A0 /* israel.jpg */,
				45F7B2861DAAF53600B505A0 /* lebanon.jpg */,
				45F7B2871DAAF53600B505A0 /* nepal.jpg */,
				45F7B2881DAAF53600B505A0 /* philippines.jpg */,
				45F7B2891DAAF53600B505A0 /* plateSetting.jpg */,
				45F7B28A1DAAF53600B505A0 /* singapore.jpg */,
				45F7B28B1DAAF53600B505A0 /* vegan.jpg */,
				45F7B28C1DAAF53600B505A0 /* wholefoods.jpg */,
				45F7B28D1DAAF53600B505A0 /* austria.png */,
				45F7B28E1DAAF53600B505A0 /* china.png */,
				45F7B28F1DAAF53600B505A0 /* ecuador.png */,
				45F7B2901DAAF53600B505A0 /* ethiopia.png */,
				45F7B2911DAAF53600B505A0 /* france.png */,
				45F7B2921DAAF53600B505A0 /* japan.png */,
				45F7B2931DAAF53600B505A0 /* korea.png */,
				45F7B2941DAAF53600B505A0 /* morocco.png */,
				45F7B2951DAAF53600B505A0 /* russia.png */,
				45F7B2961DAAF53600B505A0 /* turkey.png */,
				45F7B2971DAAF53600B505A0 /* ukraine.png */,
				45F7B2981DAAF53600B505A0 /* china.svg */,
			);
			name = "Photo Assets";
			sourceTree = "<group>";
		};
		45F488581DA87A1D00DDA835 /* Supporting Files */ = {
			isa = PBXGroup;
			children = (
				45F488441DA8525200DDA835 /* LaunchScreen.storyboard */,
				45F4883B1DA8525200DDA835 /* AppDelegate.swift */,
				45F488421DA8525200DDA835 /* Assets.xcassets */,
				45F488471DA8525200DDA835 /* Info.plist */,
			);
			name = "Supporting Files";
			sourceTree = "<group>";
		};
/* End PBXGroup section */

/* Begin PBXNativeTarget section */
		45F488371DA8525200DDA835 /* NYC_EatTheAlphabet */ = {
			isa = PBXNativeTarget;
			buildConfigurationList = 45F4884A1DA8525200DDA835 /* Build configuration list for PBXNativeTarget "NYC_EatTheAlphabet" */;
			buildPhases = (
				45F488341DA8525200DDA835 /* Sources */,
				45F488351DA8525200DDA835 /* Frameworks */,
				45F488361DA8525200DDA835 /* Resources */,
			);
			buildRules = (
			);
			dependencies = (
			);
			name = NYC_EatTheAlphabet;
			productName = NYC_EatTheAlphabet;
			productReference = 45F488381DA8525200DDA835 /* NYC_EatTheAlphabet.app */;
			productType = "com.apple.product-type.application";
		};
/* End PBXNativeTarget section */

/* Begin PBXProject section */
		45F488301DA8525200DDA835 /* Project object */ = {
			isa = PBXProject;
			attributes = {
				LastSwiftUpdateCheck = 0800;
				LastUpgradeCheck = 0800;
				ORGANIZATIONNAME = "Erica Millado";
				TargetAttributes = {
					45F488371DA8525200DDA835 = {
						CreatedOnToolsVersion = 8.0;
						DevelopmentTeam = 74479ETUA8;
						ProvisioningStyle = Automatic;
					};
				};
			};
			buildConfigurationList = 45F488331DA8525200DDA835 /* Build configuration list for PBXProject "NYC_EatTheAlphabet" */;
			compatibilityVersion = "Xcode 3.2";
			developmentRegion = English;
			hasScannedForEncodings = 0;
			knownRegions = (
				en,
				Base,
			);
			mainGroup = 45F4882F1DA8525200DDA835;
			productRefGroup = 45F488391DA8525200DDA835 /* Products */;
			projectDirPath = "";
			projectRoot = "";
			targets = (
				45F488371DA8525200DDA835 /* NYC_EatTheAlphabet */,
			);
		};
/* End PBXProject section */

/* Begin PBXResourcesBuildPhase section */
		45F488361DA8525200DDA835 /* Resources */ = {
			isa = PBXResourcesBuildPhase;
			buildActionMask = 2147483647;
			files = (
				45009CFC1E09876D00BDE128 /* cj potter Handwriting.ttf in Resources */,
				45F7B29E1DAAF53600B505A0 /* israel.jpg in Resources */,
				45F7B2AF1DAAF53600B505A0 /* turkey.png in Resources */,
				45F7B2991DAAF53600B505A0 /* america.jpg in Resources */,
				45F488461DA8525200DDA835 /* LaunchScreen.storyboard in Resources */,
				45F7B2A81DAAF53600B505A0 /* ecuador.png in Resources */,
				45F7B2A61DAAF53600B505A0 /* austria.png in Resources */,
				45F7B2AD1DAAF53600B505A0 /* morocco.png in Resources */,
				45F7B29F1DAAF53600B505A0 /* lebanon.jpg in Resources */,
				45F7B2A71DAAF53600B505A0 /* china.png in Resources */,
				45F7B2AC1DAAF53600B505A0 /* korea.png in Resources */,
				45F7B2AB1DAAF53600B505A0 /* japan.png in Resources */,
				45F488431DA8525200DDA835 /* Assets.xcassets in Resources */,
				45F7B2A31DAAF53600B505A0 /* singapore.jpg in Resources */,
				45F7B2B11DAAF53600B505A0 /* china.svg in Resources */,
				45F7B2A51DAAF53600B505A0 /* wholefoods.jpg in Resources */,
				45F7B2B01DAAF53600B505A0 /* ukraine.png in Resources */,
				45F7B29C1DAAF53600B505A0 /* greece.jpg in Resources */,
				45F7B2A01DAAF53600B505A0 /* nepal.jpg in Resources */,
				45F7B2AA1DAAF53600B505A0 /* france.png in Resources */,
				45F7B2A91DAAF53600B505A0 /* ethiopia.png in Resources */,
				45F7B2A21DAAF53600B505A0 /* plateSetting.jpg in Resources */,
				45F7B2A41DAAF53600B505A0 /* vegan.jpg in Resources */,
				45F7B29B1DAAF53600B505A0 /* dimsum.jpg in Resources */,
				45F7B29D1DAAF53600B505A0 /* hungary.jpg in Resources */,
				45F7B29A1DAAF53600B505A0 /* belgium.jpg in Resources */,
				45F488411DA8525200DDA835 /* Main.storyboard in Resources */,
				45F7B2AE1DAAF53600B505A0 /* russia.png in Resources */,
				45F7B2A11DAAF53600B505A0 /* philippines.jpg in Resources */,
			);
			runOnlyForDeploymentPostprocessing = 0;
		};
/* End PBXResourcesBuildPhase section */

/* Begin PBXSourcesBuildPhase section */
		45F488341DA8525200DDA835 /* Sources */ = {
			isa = PBXSourcesBuildPhase;
			buildActionMask = 2147483647;
			files = (
				45F4883C1DA8525200DDA835 /* AppDelegate.swift in Sources */,
				45009D001E09950800BDE128 /* TutorialViewController.swift in Sources */,
				45009CFE1E09890500BDE128 /* Extensions.swift in Sources */,
				45009D021E09953C00BDE128 /* LoginViewController.swift in Sources */,
				45F488501DA8538C00DDA835 /* RestaurantViewController.swift in Sources */,
				45F488521DA86A7A00DDA835 /* AlphabetCell.swift in Sources */,
				45F4884E1DA8529800DDA835 /* AlphabetTableViewController.swift in Sources */,
			);
			runOnlyForDeploymentPostprocessing = 0;
		};
/* End PBXSourcesBuildPhase section */

/* Begin PBXVariantGroup section */
		45F4883F1DA8525200DDA835 /* Main.storyboard */ = {
			isa = PBXVariantGroup;
			children = (
				45F488401DA8525200DDA835 /* Base */,
			);
			name = Main.storyboard;
			sourceTree = "<group>";
		};
		45F488441DA8525200DDA835 /* LaunchScreen.storyboard */ = {
			isa = PBXVariantGroup;
			children = (
				45F488451DA8525200DDA835 /* Base */,
			);
			name = LaunchScreen.storyboard;
			sourceTree = "<group>";
		};
/* End PBXVariantGroup section */

/* Begin XCBuildConfiguration section */
		45F488481DA8525200DDA835 /* Debug */ = {
			isa = XCBuildConfiguration;
			buildSettings = {
				ALWAYS_SEARCH_USER_PATHS = NO;
				CLANG_ANALYZER_NONNULL = YES;
				CLANG_CXX_LANGUAGE_STANDARD = "gnu++0x";
				CLANG_CXX_LIBRARY = "libc++";
				CLANG_ENABLE_MODULES = YES;
				CLANG_ENABLE_OBJC_ARC = YES;
				CLANG_WARN_BOOL_CONVERSION = YES;
				CLANG_WARN_CONSTANT_CONVERSION = YES;
				CLANG_WARN_DIRECT_OBJC_ISA_USAGE = YES_ERROR;
				CLANG_WARN_DOCUMENTATION_COMMENTS = YES;
				CLANG_WARN_EMPTY_BODY = YES;
				CLANG_WARN_ENUM_CONVERSION = YES;
				CLANG_WARN_INFINITE_RECURSION = YES;
				CLANG_WARN_INT_CONVERSION = YES;
				CLANG_WARN_OBJC_ROOT_CLASS = YES_ERROR;
				CLANG_WARN_SUSPICIOUS_MOVES = YES;
				CLANG_WARN_UNREACHABLE_CODE = YES;
				CLANG_WARN__DUPLICATE_METHOD_MATCH = YES;
				"CODE_SIGN_IDENTITY[sdk=iphoneos*]" = "iPhone Developer";
				COPY_PHASE_STRIP = NO;
				DEBUG_INFORMATION_FORMAT = dwarf;
				ENABLE_STRICT_OBJC_MSGSEND = YES;
				ENABLE_TESTABILITY = YES;
				GCC_C_LANGUAGE_STANDARD = gnu99;
				GCC_DYNAMIC_NO_PIC = NO;
				GCC_NO_COMMON_BLOCKS = YES;
				GCC_OPTIMIZATION_LEVEL = 0;
				GCC_PREPROCESSOR_DEFINITIONS = (
					"DEBUG=1",
					"$(inherited)",
				);
				GCC_WARN_64_TO_32_BIT_CONVERSION = YES;
				GCC_WARN_ABOUT_RETURN_TYPE = YES_ERROR;
				GCC_WARN_UNDECLARED_SELECTOR = YES;
				GCC_WARN_UNINITIALIZED_AUTOS = YES_AGGRESSIVE;
				GCC_WARN_UNUSED_FUNCTION = YES;
				GCC_WARN_UNUSED_VARIABLE = YES;
				IPHONEOS_DEPLOYMENT_TARGET = 10.0;
				MTL_ENABLE_DEBUG_INFO = YES;
				ONLY_ACTIVE_ARCH = YES;
				SDKROOT = iphoneos;
				SWIFT_ACTIVE_COMPILATION_CONDITIONS = DEBUG;
				SWIFT_OPTIMIZATION_LEVEL = "-Onone";
				TARGETED_DEVICE_FAMILY = "1,2";
			};
			name = Debug;
		};
		45F488491DA8525200DDA835 /* Release */ = {
			isa = XCBuildConfiguration;
			buildSettings = {
				ALWAYS_SEARCH_USER_PATHS = NO;
				CLANG_ANALYZER_NONNULL = YES;
				CLANG_CXX_LANGUAGE_STANDARD = "gnu++0x";
				CLANG_CXX_LIBRARY = "libc++";
				CLANG_ENABLE_MODULES = YES;
				CLANG_ENABLE_OBJC_ARC = YES;
				CLANG_WARN_BOOL_CONVERSION = YES;
				CLANG_WARN_CONSTANT_CONVERSION = YES;
				CLANG_WARN_DIRECT_OBJC_ISA_USAGE = YES_ERROR;
				CLANG_WARN_DOCUMENTATION_COMMENTS = YES;
				CLANG_WARN_EMPTY_BODY = YES;
				CLANG_WARN_ENUM_CONVERSION = YES;
				CLANG_WARN_INFINITE_RECURSION = YES;
				CLANG_WARN_INT_CONVERSION = YES;
				CLANG_WARN_OBJC_ROOT_CLASS = YES_ERROR;
				CLANG_WARN_SUSPICIOUS_MOVES = YES;
				CLANG_WARN_UNREACHABLE_CODE = YES;
				CLANG_WARN__DUPLICATE_METHOD_MATCH = YES;
				"CODE_SIGN_IDENTITY[sdk=iphoneos*]" = "iPhone Developer";
				COPY_PHASE_STRIP = NO;
				DEBUG_INFORMATION_FORMAT = "dwarf-with-dsym";
				ENABLE_NS_ASSERTIONS = NO;
				ENABLE_STRICT_OBJC_MSGSEND = YES;
				GCC_C_LANGUAGE_STANDARD = gnu99;
				GCC_NO_COMMON_BLOCKS = YES;
				GCC_WARN_64_TO_32_BIT_CONVERSION = YES;
				GCC_WARN_ABOUT_RETURN_TYPE = YES_ERROR;
				GCC_WARN_UNDECLARED_SELECTOR = YES;
				GCC_WARN_UNINITIALIZED_AUTOS = YES_AGGRESSIVE;
				GCC_WARN_UNUSED_FUNCTION = YES;
				GCC_WARN_UNUSED_VARIABLE = YES;
				IPHONEOS_DEPLOYMENT_TARGET = 10.0;
				MTL_ENABLE_DEBUG_INFO = NO;
				SDKROOT = iphoneos;
				SWIFT_OPTIMIZATION_LEVEL = "-Owholemodule";
				TARGETED_DEVICE_FAMILY = "1,2";
				VALIDATE_PRODUCT = YES;
			};
			name = Release;
		};
		45F4884B1DA8525200DDA835 /* Debug */ = {
			isa = XCBuildConfiguration;
			buildSettings = {
				ASSETCATALOG_COMPILER_APPICON_NAME = AppIcon;
				DEVELOPMENT_TEAM = 74479ETUA8;
				INFOPLIST_FILE = NYC_EatTheAlphabet/Info.plist;
				LD_RUNPATH_SEARCH_PATHS = "$(inherited) @executable_path/Frameworks";
				PRODUCT_BUNDLE_IDENTIFIER = "com.yayitserica.NYC-EatTheAlphabet";
				PRODUCT_NAME = "$(TARGET_NAME)";
				SWIFT_VERSION = 3.0;
			};
			name = Debug;
		};
		45F4884C1DA8525200DDA835 /* Release */ = {
			isa = XCBuildConfiguration;
			buildSettings = {
				ASSETCATALOG_COMPILER_APPICON_NAME = AppIcon;
				DEVELOPMENT_TEAM = 74479ETUA8;
				INFOPLIST_FILE = NYC_EatTheAlphabet/Info.plist;
				LD_RUNPATH_SEARCH_PATHS = "$(inherited) @executable_path/Frameworks";
				PRODUCT_BUNDLE_IDENTIFIER = "com.yayitserica.NYC-EatTheAlphabet";
				PRODUCT_NAME = "$(TARGET_NAME)";
				SWIFT_VERSION = 3.0;
			};
			name = Release;
		};
/* End XCBuildConfiguration section */

/* Begin XCConfigurationList section */
		45F488331DA8525200DDA835 /* Build configuration list for PBXProject "NYC_EatTheAlphabet" */ = {
			isa = XCConfigurationList;
			buildConfigurations = (
				45F488481DA8525200DDA835 /* Debug */,
				45F488491DA8525200DDA835 /* Release */,
			);
			defaultConfigurationIsVisible = 0;
			defaultConfigurationName = Release;
		};
		45F4884A1DA8525200DDA835 /* Build configuration list for PBXNativeTarget "NYC_EatTheAlphabet" */ = {
			isa = XCConfigurationList;
			buildConfigurations = (
				45F4884B1DA8525200DDA835 /* Debug */,
				45F4884C1DA8525200DDA835 /* Release */,
			);
			defaultConfigurationIsVisible = 0;
			defaultConfigurationName = Release;
		};
/* End XCConfigurationList section */
	};
	rootObject = 45F488301DA8525200DDA835 /* Project object */;
}
